// !$*UTF8*$!
{
	archiveVersion = 1;
	classes = {
	};
	objectVersion = 46;
	objects = {

/* Begin PBXBuildFile section */
		500819611D9E8F0900508EF4 /* PostTableViewCell.swift in Sources */ = {isa = PBXBuildFile; fileRef = 5008195F1D9E8F0900508EF4 /* PostTableViewCell.swift */; };
		500819621D9E8F0900508EF4 /* PostTableViewCell.xib in Resources */ = {isa = PBXBuildFile; fileRef = 500819601D9E8F0900508EF4 /* PostTableViewCell.xib */; };
		5008C2D71D995F8A00AF781F /* UIKit.framework in Frameworks */ = {isa = PBXBuildFile; fileRef = 5008C2D61D995F8A00AF781F /* UIKit.framework */; };
		507AA4651D9BD43B004A70AC /* libc++.tbd in Frameworks */ = {isa = PBXBuildFile; fileRef = 507AA4641D9BD43B004A70AC /* libc++.tbd */; };
		507AA4671D9BD446004A70AC /* libz.1.2.5.tbd in Frameworks */ = {isa = PBXBuildFile; fileRef = 507AA4661D9BD446004A70AC /* libz.1.2.5.tbd */; };
		507AA4691D9BD453004A70AC /* libsqlite3.0.tbd in Frameworks */ = {isa = PBXBuildFile; fileRef = 507AA4681D9BD453004A70AC /* libsqlite3.0.tbd */; };
		507AA46B1D9BDACF004A70AC /* AdobeCreativeSDKCore.framework in Frameworks */ = {isa = PBXBuildFile; fileRef = 507AA46A1D9BDACF004A70AC /* AdobeCreativeSDKCore.framework */; };
		507AA46D1D9BDADD004A70AC /* AdobeCreativeSDKImage.framework in Frameworks */ = {isa = PBXBuildFile; fileRef = 507AA46C1D9BDADD004A70AC /* AdobeCreativeSDKImage.framework */; };
		507AA46F1D9BDB7B004A70AC /* AdobeCreativeSDKCoreResources.bundle in Resources */ = {isa = PBXBuildFile; fileRef = 507AA46E1D9BDB7B004A70AC /* AdobeCreativeSDKCoreResources.bundle */; };
		507AA4711D9BDB89004A70AC /* AdobeCreativeSDKImageResources.bundle in Resources */ = {isa = PBXBuildFile; fileRef = 507AA4701D9BDB89004A70AC /* AdobeCreativeSDKImageResources.bundle */; };
		507AA4721D9BDBCF004A70AC /* AdobeCreativeSDKImage.framework in Frameworks */ = {isa = PBXBuildFile; fileRef = 507AA46C1D9BDADD004A70AC /* AdobeCreativeSDKImage.framework */; };
		507AA4731D9BDBCF004A70AC /* AdobeCreativeSDKImage.framework in Embed Frameworks */ = {isa = PBXBuildFile; fileRef = 507AA46C1D9BDADD004A70AC /* AdobeCreativeSDKImage.framework */; settings = {ATTRIBUTES = (CodeSignOnCopy, RemoveHeadersOnCopy, ); }; };
		507AA4741D9BDBCF004A70AC /* AdobeCreativeSDKCore.framework in Frameworks */ = {isa = PBXBuildFile; fileRef = 507AA46A1D9BDACF004A70AC /* AdobeCreativeSDKCore.framework */; };
		507AA4751D9BDBCF004A70AC /* AdobeCreativeSDKCore.framework in Embed Frameworks */ = {isa = PBXBuildFile; fileRef = 507AA46A1D9BDACF004A70AC /* AdobeCreativeSDKCore.framework */; settings = {ATTRIBUTES = (CodeSignOnCopy, RemoveHeadersOnCopy, ); }; };
		508E05951D921F1300D00780 /* AppDelegate.swift in Sources */ = {isa = PBXBuildFile; fileRef = 508E05941D921F1300D00780 /* AppDelegate.swift */; };
		508E05971D921F1300D00780 /* ViewController.swift in Sources */ = {isa = PBXBuildFile; fileRef = 508E05961D921F1300D00780 /* ViewController.swift */; };
		508E059A1D921F1300D00780 /* Main.storyboard in Resources */ = {isa = PBXBuildFile; fileRef = 508E05981D921F1300D00780 /* Main.storyboard */; };
		508E059C1D921F1300D00780 /* Assets.xcassets in Resources */ = {isa = PBXBuildFile; fileRef = 508E059B1D921F1300D00780 /* Assets.xcassets */; };
		508E059F1D921F1300D00780 /* LaunchScreen.storyboard in Resources */ = {isa = PBXBuildFile; fileRef = 508E059D1D921F1300D00780 /* LaunchScreen.storyboard */; };
		508E05A91D92214000D00780 /* LoginViewController.swift in Sources */ = {isa = PBXBuildFile; fileRef = 508E05A81D92214000D00780 /* LoginViewController.swift */; };
		508E05AB1D92216700D00780 /* HomeViewController.swift in Sources */ = {isa = PBXBuildFile; fileRef = 508E05AA1D92216700D00780 /* HomeViewController.swift */; };
		508E05AD1D92217A00D00780 /* ImageSelectViewController.swift in Sources */ = {isa = PBXBuildFile; fileRef = 508E05AC1D92217A00D00780 /* ImageSelectViewController.swift */; };
		508E05AF1D92219000D00780 /* PostViewController.swift in Sources */ = {isa = PBXBuildFile; fileRef = 508E05AE1D92219000D00780 /* PostViewController.swift */; };
		508E05B11D9221A700D00780 /* SettingViewController.swift in Sources */ = {isa = PBXBuildFile; fileRef = 508E05B01D9221A700D00780 /* SettingViewController.swift */; };
		50D17D8E1D9A20E000066388 /* MobileCoreServices.framework in Frameworks */ = {isa = PBXBuildFile; fileRef = 50D17D8D1D9A20E000066388 /* MobileCoreServices.framework */; };
		50D17D901D9A20FE00066388 /* StoreKit.framework in Frameworks */ = {isa = PBXBuildFile; fileRef = 50D17D8F1D9A20FE00066388 /* StoreKit.framework */; };
		50D17D921D9A210700066388 /* QuartzCore.framework in Frameworks */ = {isa = PBXBuildFile; fileRef = 50D17D911D9A210700066388 /* QuartzCore.framework */; };
		50D17D941D9A211300066388 /* OpenGLES.framework in Frameworks */ = {isa = PBXBuildFile; fileRef = 50D17D931D9A211300066388 /* OpenGLES.framework */; };
		50D17D961D9A212600066388 /* MessageUI.framework in Frameworks */ = {isa = PBXBuildFile; fileRef = 50D17D951D9A212600066388 /* MessageUI.framework */; };
		50D17D981D9A213400066388 /* Foundation.framework in Frameworks */ = {isa = PBXBuildFile; fileRef = 50D17D971D9A213400066388 /* Foundation.framework */; };
		50D17D9A1D9A213C00066388 /* CoreData.framework in Frameworks */ = {isa = PBXBuildFile; fileRef = 50D17D991D9A213C00066388 /* CoreData.framework */; };
		50D17D9C1D9A214700066388 /* Accelerate.framework in Frameworks */ = {isa = PBXBuildFile; fileRef = 50D17D9B1D9A214700066388 /* Accelerate.framework */; };
		50DABE3A1D9670B200E848AA /* GoogleService-Info.plist in Resources */ = {isa = PBXBuildFile; fileRef = 50DABE391D9670B200E848AA /* GoogleService-Info.plist */; };
		50E72B4E1D96A55E0098B6A2 /* Const.swift in Sources */ = {isa = PBXBuildFile; fileRef = 50E72B4D1D96A55E0098B6A2 /* Const.swift */; };
		EED1F97CB1364463202F4168 /* Pods_Instagram.framework in Frameworks */ = {isa = PBXBuildFile; fileRef = F80232B447F60E6FC5125271 /* Pods_Instagram.framework */; };
/* End PBXBuildFile section */

/* Begin PBXCopyFilesBuildPhase section */
		507AA4761D9BDBCF004A70AC /* Embed Frameworks */ = {
			isa = PBXCopyFilesBuildPhase;
			buildActionMask = 2147483647;
			dstPath = "";
			dstSubfolderSpec = 10;
			files = (
				507AA4731D9BDBCF004A70AC /* AdobeCreativeSDKImage.framework in Embed Frameworks */,
				507AA4751D9BDBCF004A70AC /* AdobeCreativeSDKCore.framework in Embed Frameworks */,
			);
			name = "Embed Frameworks";
			runOnlyForDeploymentPostprocessing = 0;
		};
/* End PBXCopyFilesBuildPhase section */

/* Begin PBXFileReference section */
		5008195F1D9E8F0900508EF4 /* PostTableViewCell.swift */ = {isa = PBXFileReference; fileEncoding = 4; lastKnownFileType = sourcecode.swift; path = PostTableViewCell.swift; sourceTree = "<group>"; };
		500819601D9E8F0900508EF4 /* PostTableViewCell.xib */ = {isa = PBXFileReference; fileEncoding = 4; lastKnownFileType = file.xib; path = PostTableViewCell.xib; sourceTree = "<group>"; };
		5008C2D61D995F8A00AF781F /* UIKit.framework */ = {isa = PBXFileReference; lastKnownFileType = wrapper.framework; name = UIKit.framework; path = System/Library/Frameworks/UIKit.framework; sourceTree = SDKROOT; };
		507AA45B1D9BCE92004A70AC /* Instagram-Bridging-Header.h */ = {isa = PBXFileReference; lastKnownFileType = sourcecode.c.h; path = "Instagram-Bridging-Header.h"; sourceTree = "<group>"; };
		507AA4641D9BD43B004A70AC /* libc++.tbd */ = {isa = PBXFileReference; lastKnownFileType = "sourcecode.text-based-dylib-definition"; name = "libc++.tbd"; path = "usr/lib/libc++.tbd"; sourceTree = SDKROOT; };
		507AA4661D9BD446004A70AC /* libz.1.2.5.tbd */ = {isa = PBXFileReference; lastKnownFileType = "sourcecode.text-based-dylib-definition"; name = libz.1.2.5.tbd; path = usr/lib/libz.1.2.5.tbd; sourceTree = SDKROOT; };
		507AA4681D9BD453004A70AC /* libsqlite3.0.tbd */ = {isa = PBXFileReference; lastKnownFileType = "sourcecode.text-based-dylib-definition"; name = libsqlite3.0.tbd; path = usr/lib/libsqlite3.0.tbd; sourceTree = SDKROOT; };
		507AA46A1D9BDACF004A70AC /* AdobeCreativeSDKCore.framework */ = {isa = PBXFileReference; lastKnownFileType = wrapper.framework; path = AdobeCreativeSDKCore.framework; sourceTree = "<group>"; };
		507AA46C1D9BDADD004A70AC /* AdobeCreativeSDKImage.framework */ = {isa = PBXFileReference; lastKnownFileType = wrapper.framework; path = AdobeCreativeSDKImage.framework; sourceTree = "<group>"; };
		507AA46E1D9BDB7B004A70AC /* AdobeCreativeSDKCoreResources.bundle */ = {isa = PBXFileReference; lastKnownFileType = "wrapper.plug-in"; path = AdobeCreativeSDKCoreResources.bundle; sourceTree = "<group>"; };
		507AA4701D9BDB89004A70AC /* AdobeCreativeSDKImageResources.bundle */ = {isa = PBXFileReference; lastKnownFileType = "wrapper.plug-in"; path = AdobeCreativeSDKImageResources.bundle; sourceTree = "<group>"; };
		508E05911D921F1300D00780 /* Instagram.app */ = {isa = PBXFileReference; explicitFileType = wrapper.application; includeInIndex = 0; path = Instagram.app; sourceTree = BUILT_PRODUCTS_DIR; };
		508E05941D921F1300D00780 /* AppDelegate.swift */ = {isa = PBXFileReference; lastKnownFileType = sourcecode.swift; path = AppDelegate.swift; sourceTree = "<group>"; };
		508E05961D921F1300D00780 /* ViewController.swift */ = {isa = PBXFileReference; lastKnownFileType = sourcecode.swift; path = ViewController.swift; sourceTree = "<group>"; };
		508E05991D921F1300D00780 /* Base */ = {isa = PBXFileReference; lastKnownFileType = file.storyboard; name = Base; path = Base.lproj/Main.storyboard; sourceTree = "<group>"; };
		508E059B1D921F1300D00780 /* Assets.xcassets */ = {isa = PBXFileReference; lastKnownFileType = folder.assetcatalog; path = Assets.xcassets; sourceTree = "<group>"; };
		508E059E1D921F1300D00780 /* Base */ = {isa = PBXFileReference; lastKnownFileType = file.storyboard; name = Base; path = Base.lproj/LaunchScreen.storyboard; sourceTree = "<group>"; };
		508E05A01D921F1300D00780 /* Info.plist */ = {isa = PBXFileReference; lastKnownFileType = text.plist.xml; path = Info.plist; sourceTree = "<group>"; };
		508E05A81D92214000D00780 /* LoginViewController.swift */ = {isa = PBXFileReference; fileEncoding = 4; lastKnownFileType = sourcecode.swift; name = LoginViewController.swift; path = ../LoginViewController.swift; sourceTree = "<group>"; };
		508E05AA1D92216700D00780 /* HomeViewController.swift */ = {isa = PBXFileReference; fileEncoding = 4; lastKnownFileType = sourcecode.swift; path = HomeViewController.swift; sourceTree = "<group>"; };
		508E05AC1D92217A00D00780 /* ImageSelectViewController.swift */ = {isa = PBXFileReference; fileEncoding = 4; lastKnownFileType = sourcecode.swift; path = ImageSelectViewController.swift; sourceTree = "<group>"; };
		508E05AE1D92219000D00780 /* PostViewController.swift */ = {isa = PBXFileReference; fileEncoding = 4; lastKnownFileType = sourcecode.swift; path = PostViewController.swift; sourceTree = "<group>"; };
		508E05B01D9221A700D00780 /* SettingViewController.swift */ = {isa = PBXFileReference; fileEncoding = 4; lastKnownFileType = sourcecode.swift; path = SettingViewController.swift; sourceTree = "<group>"; };
		50D17D8D1D9A20E000066388 /* MobileCoreServices.framework */ = {isa = PBXFileReference; lastKnownFileType = wrapper.framework; name = MobileCoreServices.framework; path = System/Library/Frameworks/MobileCoreServices.framework; sourceTree = SDKROOT; };
		50D17D8F1D9A20FE00066388 /* StoreKit.framework */ = {isa = PBXFileReference; lastKnownFileType = wrapper.framework; name = StoreKit.framework; path = System/Library/Frameworks/StoreKit.framework; sourceTree = SDKROOT; };
		50D17D911D9A210700066388 /* QuartzCore.framework */ = {isa = PBXFileReference; lastKnownFileType = wrapper.framework; name = QuartzCore.framework; path = System/Library/Frameworks/QuartzCore.framework; sourceTree = SDKROOT; };
		50D17D931D9A211300066388 /* OpenGLES.framework */ = {isa = PBXFileReference; lastKnownFileType = wrapper.framework; name = OpenGLES.framework; path = System/Library/Frameworks/OpenGLES.framework; sourceTree = SDKROOT; };
		50D17D951D9A212600066388 /* MessageUI.framework */ = {isa = PBXFileReference; lastKnownFileType = wrapper.framework; name = MessageUI.framework; path = System/Library/Frameworks/MessageUI.framework; sourceTree = SDKROOT; };
		50D17D971D9A213400066388 /* Foundation.framework */ = {isa = PBXFileReference; lastKnownFileType = wrapper.framework; name = Foundation.framework; path = System/Library/Frameworks/Foundation.framework; sourceTree = SDKROOT; };
		50D17D991D9A213C00066388 /* CoreData.framework */ = {isa = PBXFileReference; lastKnownFileType = wrapper.framework; name = CoreData.framework; path = System/Library/Frameworks/CoreData.framework; sourceTree = SDKROOT; };
		50D17D9B1D9A214700066388 /* Accelerate.framework */ = {isa = PBXFileReference; lastKnownFileType = wrapper.framework; name = Accelerate.framework; path = System/Library/Frameworks/Accelerate.framework; sourceTree = SDKROOT; };
		50DABE391D9670B200E848AA /* GoogleService-Info.plist */ = {isa = PBXFileReference; fileEncoding = 4; lastKnownFileType = text.plist.xml; name = "GoogleService-Info.plist"; path = "../../../Downloads/GoogleService-Info.plist"; sourceTree = "<group>"; };
		50E72B4D1D96A55E0098B6A2 /* Const.swift */ = {isa = PBXFileReference; fileEncoding = 4; lastKnownFileType = sourcecode.swift; path = Const.swift; sourceTree = "<group>"; };
		C10AFA93A4B7D4BB89BE1401 /* Pods-Instagram.release.xcconfig */ = {isa = PBXFileReference; includeInIndex = 1; lastKnownFileType = text.xcconfig; name = "Pods-Instagram.release.xcconfig"; path = "Pods/Target Support Files/Pods-Instagram/Pods-Instagram.release.xcconfig"; sourceTree = "<group>"; };
		C1381291B4FED8E98251AB8C /* Pods-Instagram.debug.xcconfig */ = {isa = PBXFileReference; includeInIndex = 1; lastKnownFileType = text.xcconfig; name = "Pods-Instagram.debug.xcconfig"; path = "Pods/Target Support Files/Pods-Instagram/Pods-Instagram.debug.xcconfig"; sourceTree = "<group>"; };
		F80232B447F60E6FC5125271 /* Pods_Instagram.framework */ = {isa = PBXFileReference; explicitFileType = wrapper.framework; includeInIndex = 0; path = Pods_Instagram.framework; sourceTree = BUILT_PRODUCTS_DIR; };
/* End PBXFileReference section */

/* Begin PBXFrameworksBuildPhase section */
		508E058E1D921F1300D00780 /* Frameworks */ = {
			isa = PBXFrameworksBuildPhase;
			buildActionMask = 2147483647;
			files = (
				507AA4691D9BD453004A70AC /* libsqlite3.0.tbd in Frameworks */,
				507AA4671D9BD446004A70AC /* libz.1.2.5.tbd in Frameworks */,
				507AA4651D9BD43B004A70AC /* libc++.tbd in Frameworks */,
				50D17D9C1D9A214700066388 /* Accelerate.framework in Frameworks */,
				50D17D9A1D9A213C00066388 /* CoreData.framework in Frameworks */,
				507AA46B1D9BDACF004A70AC /* AdobeCreativeSDKCore.framework in Frameworks */,
				50D17D981D9A213400066388 /* Foundation.framework in Frameworks */,
				50D17D961D9A212600066388 /* MessageUI.framework in Frameworks */,
				50D17D941D9A211300066388 /* OpenGLES.framework in Frameworks */,
				50D17D921D9A210700066388 /* QuartzCore.framework in Frameworks */,
				50D17D901D9A20FE00066388 /* StoreKit.framework in Frameworks */,
				50D17D8E1D9A20E000066388 /* MobileCoreServices.framework in Frameworks */,
				5008C2D71D995F8A00AF781F /* UIKit.framework in Frameworks */,
				507AA46D1D9BDADD004A70AC /* AdobeCreativeSDKImage.framework in Frameworks */,
				507AA4721D9BDBCF004A70AC /* AdobeCreativeSDKImage.framework in Frameworks */,
				EED1F97CB1364463202F4168 /* Pods_Instagram.framework in Frameworks */,
				507AA4741D9BDBCF004A70AC /* AdobeCreativeSDKCore.framework in Frameworks */,
			);
			runOnlyForDeploymentPostprocessing = 0;
		};
/* End PBXFrameworksBuildPhase section */

/* Begin PBXGroup section */
		508E05881D921F1300D00780 = {
			isa = PBXGroup;
			children = (
				508E05931D921F1300D00780 /* Instagram */,
				508E05921D921F1300D00780 /* Products */,
				DFF33BFB6FEA2F5A5632B6B3 /* Pods */,
				EEF691AF47C91393C80FAB84 /* Frameworks */,
			);
			sourceTree = "<group>";
		};
		508E05921D921F1300D00780 /* Products */ = {
			isa = PBXGroup;
			children = (
				508E05911D921F1300D00780 /* Instagram.app */,
			);
			name = Products;
			sourceTree = "<group>";
		};
		508E05931D921F1300D00780 /* Instagram */ = {
			isa = PBXGroup;
			children = (
				507AA4701D9BDB89004A70AC /* AdobeCreativeSDKImageResources.bundle */,
				507AA46E1D9BDB7B004A70AC /* AdobeCreativeSDKCoreResources.bundle */,
				507AA46C1D9BDADD004A70AC /* AdobeCreativeSDKImage.framework */,
				507AA46A1D9BDACF004A70AC /* AdobeCreativeSDKCore.framework */,
				508E05A81D92214000D00780 /* LoginViewController.swift */,
				508E05AA1D92216700D00780 /* HomeViewController.swift */,
				508E05AC1D92217A00D00780 /* ImageSelectViewController.swift */,
				507AA45B1D9BCE92004A70AC /* Instagram-Bridging-Header.h */,
				508E05AE1D92219000D00780 /* PostViewController.swift */,
				508E05B01D9221A700D00780 /* SettingViewController.swift */,
				508E05941D921F1300D00780 /* AppDelegate.swift */,
				508E05961D921F1300D00780 /* ViewController.swift */,
				508E05981D921F1300D00780 /* Main.storyboard */,
				5008195F1D9E8F0900508EF4 /* PostTableViewCell.swift */,
				500819601D9E8F0900508EF4 /* PostTableViewCell.xib */,
				508E059B1D921F1300D00780 /* Assets.xcassets */,
				508E059D1D921F1300D00780 /* LaunchScreen.storyboard */,
				50E72B4D1D96A55E0098B6A2 /* Const.swift */,
				508E05A01D921F1300D00780 /* Info.plist */,
				50DABE391D9670B200E848AA /* GoogleService-Info.plist */,
			);
			path = Instagram;
			sourceTree = "<group>";
		};
		DFF33BFB6FEA2F5A5632B6B3 /* Pods */ = {
			isa = PBXGroup;
			children = (
				C1381291B4FED8E98251AB8C /* Pods-Instagram.debug.xcconfig */,
				C10AFA93A4B7D4BB89BE1401 /* Pods-Instagram.release.xcconfig */,
			);
			name = Pods;
			sourceTree = "<group>";
		};
		EEF691AF47C91393C80FAB84 /* Frameworks */ = {
			isa = PBXGroup;
			children = (
				507AA4681D9BD453004A70AC /* libsqlite3.0.tbd */,
				507AA4661D9BD446004A70AC /* libz.1.2.5.tbd */,
				507AA4641D9BD43B004A70AC /* libc++.tbd */,
				50D17D9B1D9A214700066388 /* Accelerate.framework */,
				50D17D991D9A213C00066388 /* CoreData.framework */,
				50D17D971D9A213400066388 /* Foundation.framework */,
				50D17D951D9A212600066388 /* MessageUI.framework */,
				50D17D931D9A211300066388 /* OpenGLES.framework */,
				50D17D911D9A210700066388 /* QuartzCore.framework */,
				50D17D8F1D9A20FE00066388 /* StoreKit.framework */,
				50D17D8D1D9A20E000066388 /* MobileCoreServices.framework */,
				5008C2D61D995F8A00AF781F /* UIKit.framework */,
				F80232B447F60E6FC5125271 /* Pods_Instagram.framework */,
			);
			name = Frameworks;
			sourceTree = "<group>";
		};
/* End PBXGroup section */

/* Begin PBXNativeTarget section */
		508E05901D921F1300D00780 /* Instagram */ = {
			isa = PBXNativeTarget;
			buildConfigurationList = 508E05A31D921F1300D00780 /* Build configuration list for PBXNativeTarget "Instagram" */;
			buildPhases = (
				5CC77B3359220895180BEE95 /* [CP] Check Pods Manifest.lock */,
				508E058D1D921F1300D00780 /* Sources */,
				508E058E1D921F1300D00780 /* Frameworks */,
				508E058F1D921F1300D00780 /* Resources */,
				62AFF0B601645824A82C0396 /* [CP] Embed Pods Frameworks */,
				8732460F5897CAB7FF3E64B0 /* [CP] Copy Pods Resources */,
				507AA4761D9BDBCF004A70AC /* Embed Frameworks */,
			);
			buildRules = (
			);
			dependencies = (
			);
			name = Instagram;
			productName = Instagram;
			productReference = 508E05911D921F1300D00780 /* Instagram.app */;
			productType = "com.apple.product-type.application";
		};
/* End PBXNativeTarget section */

/* Begin PBXProject section */
		508E05891D921F1300D00780 /* Project object */ = {
			isa = PBXProject;
			attributes = {
				LastSwiftUpdateCheck = 0730;
				LastUpgradeCheck = 0730;
				ORGANIZATIONNAME = "Tarou Sakamoto";
				TargetAttributes = {
					508E05901D921F1300D00780 = {
						CreatedOnToolsVersion = 7.3.1;
					};
				};
			};
			buildConfigurationList = 508E058C1D921F1300D00780 /* Build configuration list for PBXProject "Instagram" */;
			compatibilityVersion = "Xcode 3.2";
			developmentRegion = English;
			hasScannedForEncodings = 0;
			knownRegions = (
				en,
				Base,
			);
			mainGroup = 508E05881D921F1300D00780;
			productRefGroup = 508E05921D921F1300D00780 /* Products */;
			projectDirPath = "";
			projectRoot = "";
			targets = (
				508E05901D921F1300D00780 /* Instagram */,
			);
		};
/* End PBXProject section */

/* Begin PBXResourcesBuildPhase section */
		508E058F1D921F1300D00780 /* Resources */ = {
			isa = PBXResourcesBuildPhase;
			buildActionMask = 2147483647;
			files = (
				508E059F1D921F1300D00780 /* LaunchScreen.storyboard in Resources */,
				507AA4711D9BDB89004A70AC /* AdobeCreativeSDKImageResources.bundle in Resources */,
				507AA46F1D9BDB7B004A70AC /* AdobeCreativeSDKCoreResources.bundle in Resources */,
				50DABE3A1D9670B200E848AA /* GoogleService-Info.plist in Resources */,
				500819621D9E8F0900508EF4 /* PostTableViewCell.xib in Resources */,
				508E059C1D921F1300D00780 /* Assets.xcassets in Resources */,
				508E059A1D921F1300D00780 /* Main.storyboard in Resources */,
			);
			runOnlyForDeploymentPostprocessing = 0;
		};
/* End PBXResourcesBuildPhase section */

/* Begin PBXShellScriptBuildPhase section */
		5CC77B3359220895180BEE95 /* [CP] Check Pods Manifest.lock */ = {
			isa = PBXShellScriptBuildPhase;
			buildActionMask = 2147483647;
			files = (
			);
			inputPaths = (
			);
			name = "[CP] Check Pods Manifest.lock";
			outputPaths = (
			);
			runOnlyForDeploymentPostprocessing = 0;
			shellPath = /bin/sh;
			shellScript = "diff \"${PODS_ROOT}/../Podfile.lock\" \"${PODS_ROOT}/Manifest.lock\" > /dev/null\nif [[ $? != 0 ]] ; then\n    cat << EOM\nerror: The sandbox is not in sync with the Podfile.lock. Run 'pod install' or update your CocoaPods installation.\nEOM\n    exit 1\nfi\n";
			showEnvVarsInLog = 0;
		};
		62AFF0B601645824A82C0396 /* [CP] Embed Pods Frameworks */ = {
			isa = PBXShellScriptBuildPhase;
			buildActionMask = 2147483647;
			files = (
			);
			inputPaths = (
			);
			name = "[CP] Embed Pods Frameworks";
			outputPaths = (
			);
			runOnlyForDeploymentPostprocessing = 0;
			shellPath = /bin/sh;
			shellScript = "\"${SRCROOT}/Pods/Target Support Files/Pods-Instagram/Pods-Instagram-frameworks.sh\"\n";
			showEnvVarsInLog = 0;
		};
		8732460F5897CAB7FF3E64B0 /* [CP] Copy Pods Resources */ = {
			isa = PBXShellScriptBuildPhase;
			buildActionMask = 2147483647;
			files = (
			);
			inputPaths = (
			);
			name = "[CP] Copy Pods Resources";
			outputPaths = (
			);
			runOnlyForDeploymentPostprocessing = 0;
			shellPath = /bin/sh;
			shellScript = "\"${SRCROOT}/Pods/Target Support Files/Pods-Instagram/Pods-Instagram-resources.sh\"\n";
			showEnvVarsInLog = 0;
		};
/* End PBXShellScriptBuildPhase section */

/* Begin PBXSourcesBuildPhase section */
		508E058D1D921F1300D00780 /* Sources */ = {
			isa = PBXSourcesBuildPhase;
			buildActionMask = 2147483647;
			files = (
				508E05AF1D92219000D00780 /* PostViewController.swift in Sources */,
				508E05A91D92214000D00780 /* LoginViewController.swift in Sources */,
				508E05971D921F1300D00780 /* ViewController.swift in Sources */,
				508E05951D921F1300D00780 /* AppDelegate.swift in Sources */,
				508E05AD1D92217A00D00780 /* ImageSelectViewController.swift in Sources */,
				50E72B4E1D96A55E0098B6A2 /* Const.swift in Sources */,
				508E05B11D9221A700D00780 /* SettingViewController.swift in Sources */,
				508E05AB1D92216700D00780 /* HomeViewController.swift in Sources */,
				500819611D9E8F0900508EF4 /* PostTableViewCell.swift in Sources */,
			);
			runOnlyForDeploymentPostprocessing = 0;
		};
/* End PBXSourcesBuildPhase section */

/* Begin PBXVariantGroup section */
		508E05981D921F1300D00780 /* Main.storyboard */ = {
			isa = PBXVariantGroup;
			children = (
				508E05991D921F1300D00780 /* Base */,
			);
			name = Main.storyboard;
			sourceTree = "<group>";
		};
		508E059D1D921F1300D00780 /* LaunchScreen.storyboard */ = {
			isa = PBXVariantGroup;
			children = (
				508E059E1D921F1300D00780 /* Base */,
			);
			name = LaunchScreen.storyboard;
			sourceTree = "<group>";
		};
/* End PBXVariantGroup section */

/* Begin XCBuildConfiguration section */
		508E05A11D921F1300D00780 /* Debug */ = {
			isa = XCBuildConfiguration;
			buildSettings = {
				ALWAYS_SEARCH_USER_PATHS = NO;
				CLANG_ANALYZER_NONNULL = YES;
				CLANG_CXX_LANGUAGE_STANDARD = "gnu++0x";
				CLANG_CXX_LIBRARY = "libc++";
				CLANG_ENABLE_MODULES = YES;
				CLANG_ENABLE_OBJC_ARC = YES;
				CLANG_WARN_BOOL_CONVERSION = YES;
				CLANG_WARN_CONSTANT_CONVERSION = YES;
				CLANG_WARN_DIRECT_OBJC_ISA_USAGE = YES_ERROR;
				CLANG_WARN_EMPTY_BODY = YES;
				CLANG_WARN_ENUM_CONVERSION = YES;
				CLANG_WARN_INT_CONVERSION = YES;
				CLANG_WARN_OBJC_ROOT_CLASS = YES_ERROR;
				CLANG_WARN_UNREACHABLE_CODE = YES;
				CLANG_WARN__DUPLICATE_METHOD_MATCH = YES;
				"CODE_SIGN_IDENTITY[sdk=iphoneos*]" = "iPhone Developer";
				COPY_PHASE_STRIP = NO;
				DEBUG_INFORMATION_FORMAT = dwarf;
				ENABLE_STRICT_OBJC_MSGSEND = YES;
				ENABLE_TESTABILITY = YES;
				GCC_C_LANGUAGE_STANDARD = gnu99;
				GCC_DYNAMIC_NO_PIC = NO;
				GCC_NO_COMMON_BLOCKS = YES;
				GCC_OPTIMIZATION_LEVEL = 0;
				GCC_PREPROCESSOR_DEFINITIONS = (
					"DEBUG=1",
					"$(inherited)",
				);
				GCC_WARN_64_TO_32_BIT_CONVERSION = YES;
				GCC_WARN_ABOUT_RETURN_TYPE = YES_ERROR;
				GCC_WARN_UNDECLARED_SELECTOR = YES;
				GCC_WARN_UNINITIALIZED_AUTOS = YES_AGGRESSIVE;
				GCC_WARN_UNUSED_FUNCTION = YES;
				GCC_WARN_UNUSED_VARIABLE = YES;
				IPHONEOS_DEPLOYMENT_TARGET = 9.3;
				MTL_ENABLE_DEBUG_INFO = YES;
				ONLY_ACTIVE_ARCH = YES;
				SDKROOT = iphoneos;
				SWIFT_OPTIMIZATION_LEVEL = "-Onone";
			};
			name = Debug;
		};
		508E05A21D921F1300D00780 /* Release */ = {
			isa = XCBuildConfiguration;
			buildSettings = {
				ALWAYS_SEARCH_USER_PATHS = NO;
				CLANG_ANALYZER_NONNULL = YES;
				CLANG_CXX_LANGUAGE_STANDARD = "gnu++0x";
				CLANG_CXX_LIBRARY = "libc++";
				CLANG_ENABLE_MODULES = YES;
				CLANG_ENABLE_OBJC_ARC = YES;
				CLANG_WARN_BOOL_CONVERSION = YES;
				CLANG_WARN_CONSTANT_CONVERSION = YES;
				CLANG_WARN_DIRECT_OBJC_ISA_USAGE = YES_ERROR;
				CLANG_WARN_EMPTY_BODY = YES;
				CLANG_WARN_ENUM_CONVERSION = YES;
				CLANG_WARN_INT_CONVERSION = YES;
				CLANG_WARN_OBJC_ROOT_CLASS = YES_ERROR;
				CLANG_WARN_UNREACHABLE_CODE = YES;
				CLANG_WARN__DUPLICATE_METHOD_MATCH = YES;
				"CODE_SIGN_IDENTITY[sdk=iphoneos*]" = "iPhone Developer";
				COPY_PHASE_STRIP = NO;
				DEBUG_INFORMATION_FORMAT = "dwarf-with-dsym";
				ENABLE_NS_ASSERTIONS = NO;
				ENABLE_STRICT_OBJC_MSGSEND = YES;
				GCC_C_LANGUAGE_STANDARD = gnu99;
				GCC_NO_COMMON_BLOCKS = YES;
				GCC_WARN_64_TO_32_BIT_CONVERSION = YES;
				GCC_WARN_ABOUT_RETURN_TYPE = YES_ERROR;
				GCC_WARN_UNDECLARED_SELECTOR = YES;
				GCC_WARN_UNINITIALIZED_AUTOS = YES_AGGRESSIVE;
				GCC_WARN_UNUSED_FUNCTION = YES;
				GCC_WARN_UNUSED_VARIABLE = YES;
				IPHONEOS_DEPLOYMENT_TARGET = 9.3;
				MTL_ENABLE_DEBUG_INFO = NO;
				SDKROOT = iphoneos;
				VALIDATE_PRODUCT = YES;
			};
			name = Release;
		};
		508E05A41D921F1300D00780 /* Debug */ = {
			isa = XCBuildConfiguration;
			baseConfigurationReference = C1381291B4FED8E98251AB8C /* Pods-Instagram.debug.xcconfig */;
			buildSettings = {
				ASSETCATALOG_COMPILER_APPICON_NAME = AppIcon;
				FRAMEWORK_SEARCH_PATHS = (
					"$(inherited)",
					"$(PROJECT_DIR)/AdobeCreativeSDKDynamicFrameworks",
					"$(PROJECT_DIR)/Instagram",
				);
				INFOPLIST_FILE = Instagram/Info.plist;
				LD_RUNPATH_SEARCH_PATHS = "$(inherited) @executable_path/Frameworks";
				OTHER_LDFLAGS = (
					"$(inherited)",
					"-ObjC",
					"-l\"c++\"",
					"-l\"icucore\"",
					"-l\"sqlite3\"",
					"-l\"z\"",
					"-framework",
					"\"AdSupport\"",
					"-framework",
					"\"AddressBook\"",
					"-framework",
					"\"CFNetwork\"",
					"-framework",
					"\"CoreGraphics\"",
					"-framework",
					"\"ESTabBarController\"",
					"-framework",
					"\"FirebaseAnalytics\"",
					"-framework",
					"\"FirebaseAuth\"",
					"-framework",
					"\"FirebaseDatabase\"",
					"-framework",
					"\"FirebaseInstanceID\"",
					"-framework",
					"\"GoogleInterchangeUtilities\"",
					"-framework",
					"\"GoogleNetworkingUtilities\"",
					"-framework",
					"\"GoogleParsingUtilities\"",
					"-framework",
					"\"GoogleSymbolUtilities\"",
					"-framework",
					"\"GoogleUtilities\"",
					"-framework",
					"\"SVProgressHUD\"",
					"-framework",
					"\"SafariServices\"",
					"-framework",
					"\"Security\"",
					"-framework",
					"\"StoreKit\"",
					"-framework",
					"\"SystemConfiguration\"",
					"-all_load",
					"-ObjC",
				);
				PRODUCT_BUNDLE_IDENTIFIER = jp.techacademy.tarou.sakamoto.Instagram;
				PRODUCT_NAME = "$(TARGET_NAME)";
				SWIFT_OBJC_BRIDGING_HEADER = "Instagram/Instagram-Bridging-Header.h";
			};
			name = Debug;
		};
		508E05A51D921F1300D00780 /* Release */ = {
			isa = XCBuildConfiguration;
			baseConfigurationReference = C10AFA93A4B7D4BB89BE1401 /* Pods-Instagram.release.xcconfig */;
			buildSettings = {
				ASSETCATALOG_COMPILER_APPICON_NAME = AppIcon;
				FRAMEWORK_SEARCH_PATHS = (
					"$(inherited)",
					"$(PROJECT_DIR)/AdobeCreativeSDKDynamicFrameworks",
					"$(PROJECT_DIR)/Instagram",
				);
				INFOPLIST_FILE = Instagram/Info.plist;
				LD_RUNPATH_SEARCH_PATHS = "$(inherited) @executable_path/Frameworks";
				OTHER_LDFLAGS = (
					"$(inherited)",
					"-ObjC",
					"-l\"c++\"",
					"-l\"icucore\"",
					"-l\"sqlite3\"",
					"-l\"z\"",
					"-framework",
					"\"AdSupport\"",
					"-framework",
					"\"AddressBook\"",
					"-framework",
					"\"CFNetwork\"",
					"-framework",
					"\"CoreGraphics\"",
					"-framework",
					"\"ESTabBarController\"",
					"-framework",
					"\"FirebaseAnalytics\"",
					"-framework",
					"\"FirebaseAuth\"",
					"-framework",
					"\"FirebaseDatabase\"",
					"-framework",
					"\"FirebaseInstanceID\"",
					"-framework",
					"\"GoogleInterchangeUtilities\"",
					"-framework",
					"\"GoogleNetworkingUtilities\"",
					"-framework",
					"\"GoogleParsingUtilities\"",
					"-framework",
					"\"GoogleSymbolUtilities\"",
					"-framework",
					"\"GoogleUtilities\"",
					"-framework",
					"\"SVProgressHUD\"",
					"-framework",
					"\"SafariServices\"",
					"-framework",
					"\"Security\"",
					"-framework",
					"\"StoreKit\"",
					"-framework",
					"\"SystemConfiguration\"",
					"-all_load",
					"-ObjC",
				);
				PRODUCT_BUNDLE_IDENTIFIER = jp.techacademy.tarou.sakamoto.Instagram;
				PRODUCT_NAME = "$(TARGET_NAME)";
				SWIFT_OBJC_BRIDGING_HEADER = "Instagram/Instagram-Bridging-Header.h";
			};
			name = Release;
		};
/* End XCBuildConfiguration section */

/* Begin XCConfigurationList section */
		508E058C1D921F1300D00780 /* Build configuration list for PBXProject "Instagram" */ = {
			isa = XCConfigurationList;
			buildConfigurations = (
				508E05A11D921F1300D00780 /* Debug */,
				508E05A21D921F1300D00780 /* Release */,
			);
			defaultConfigurationIsVisible = 0;
			defaultConfigurationName = Release;
		};
		508E05A31D921F1300D00780 /* Build configuration list for PBXNativeTarget "Instagram" */ = {
			isa = XCConfigurationList;
			buildConfigurations = (
				508E05A41D921F1300D00780 /* Debug */,
				508E05A51D921F1300D00780 /* Release */,
			);
			defaultConfigurationIsVisible = 0;
			defaultConfigurationName = Release;
		};
/* End XCConfigurationList section */
	};
	rootObject = 508E05891D921F1300D00780 /* Project object */;
}
